
Microsoft Visual Studio Solution File, Format Version 12.00
# Visual Studio Version 16
VisualStudioVersion = 16.0.808.8
MinimumVisualStudioVersion = 10.0.40219.1
Project("{FAE04EC0-301F-11D3-BF4B-00C04F79EFBC}") = "Panzio", "Panzio\Panzio.csproj", "{F09E0CA9-BDCD-40CC-B279-78B8B7D759D6}"
EndProject
Global
	GlobalSection(SolutionConfigurationPlatforms) = preSolution
		Debug|Any CPU = Debug|Any CPU
		Release|Any CPU = Release|Any CPU
	EndGlobalSection
	GlobalSection(ProjectConfigurationPlatforms) = postSolution
		{F09E0CA9-BDCD-40CC-B279-78B8B7D759D6}.Debug|Any CPU.ActiveCfg = Debug|Any CPU
		{F09E0CA9-BDCD-40CC-B279-78B8B7D759D6}.Debug|Any CPU.Build.0 = Debug|Any CPU
		{F09E0CA9-BDCD-40CC-B279-78B8B7D759D6}.Release|Any CPU.ActiveCfg = Release|Any CPU
		{F09E0CA9-BDCD-40CC-B279-78B8B7D759D6}.Release|Any CPU.Build.0 = Release|Any CPU
	EndGlobalSection
	GlobalSection(SolutionProperties) = preSolution
		HideSolutionNode = FALSE
	EndGlobalSection
	GlobalSection(ExtensibilityGlobals) = postSolution
		SolutionGuid = {F8ED2334-4C56-4E23-89E6-73A6F0494D11}
	EndGlobalSection
EndGlobal
